
Microsoft Visual Studio Solution File, Format Version 12.00
# Visual Studio Version 17
VisualStudioVersion = 17.0.31903.59
MinimumVisualStudioVersion = 10.0.40219.1
Project("{2150E333-8FDC-42A3-9474-1A3956D46DE8}") = "src", "src", "{827E0CD3-B72D-47B6-A68D-7590B98EB39B}"
EndProject
Project("{2150E333-8FDC-42A3-9474-1A3956D46DE8}") = "IdentityService", "IdentityService", "{F8B90FFE-BB37-8A69-F901-2B9289615797}"
EndProject
Project("{FAE04EC0-301F-11D3-BF4B-00C04F79EFBC}") = "IdentityService.API", "src\IdentityService\IdentityService.API\IdentityService.API.csproj", "{A6795628-84C4-4A87-A2A7-39CE97F396D9}"
EndProject
Project("{FAE04EC0-301F-11D3-BF4B-00C04F79EFBC}") = "IdentityService.Application", "src\IdentityService\IdentityService.Application\IdentityService.Application.csproj", "{26A806D7-9F1B-4AF7-8D2C-07CD5EDC8C88}"
EndProject
Project("{FAE04EC0-301F-11D3-BF4B-00C04F79EFBC}") = "IdentityService.Domain", "src\IdentityService\IdentityService.Domain\IdentityService.Domain.csproj", "{86713814-647D-4078-AAF7-5C47EE0BCFC6}"
EndProject
Project("{FAE04EC0-301F-11D3-BF4B-00C04F79EFBC}") = "IdentityService.Infrastructure", "src\IdentityService\IdentityService.Infrastructure\IdentityService.Infrastructure.csproj", "{A3B60933-5B72-4E19-B118-6D13A548B8BF}"
EndProject
Project("{2150E333-8FDC-42A3-9474-1A3956D46DE8}") = "ProfileService", "ProfileService", "{95050ED4-AA99-16CD-4222-A7210304610B}"
EndProject
Project("{FAE04EC0-301F-11D3-BF4B-00C04F79EFBC}") = "ProfileService.Application", "src\ProfileService\ProfileService.Application\ProfileService.Application.csproj", "{4BD20FD2-42A3-40C8-933F-5B40EF24DF68}"
EndProject
Project("{FAE04EC0-301F-11D3-BF4B-00C04F79EFBC}") = "ProfileService.Infrastructure", "src\ProfileService\ProfileService.Infrastructure\ProfileService.Infrastructure.csproj", "{3996658F-915D-40AC-8CD5-53EC9141ED99}"
EndProject
Project("{FAE04EC0-301F-11D3-BF4B-00C04F79EFBC}") = "ProfileService.Domain", "src\ProfileService\ProfileService.Domain\ProfileService.Domain.csproj", "{623C6CC8-9234-4BDC-A4D9-E88252C92F19}"
EndProject
Project("{FAE04EC0-301F-11D3-BF4B-00C04F79EFBC}") = "ProfileService.API", "src\ProfileService\ProfileService.API\ProfileService.API.csproj", "{353C1121-8B5F-4F0D-8A37-564A662E1C4B}"
EndProject
Project("{2150E333-8FDC-42A3-9474-1A3956D46DE8}") = "AccessControlService", "AccessControlService", "{7476552C-33D1-9A6D-5B89-E24E6B0442CB}"
EndProject
Project("{FAE04EC0-301F-11D3-BF4B-00C04F79EFBC}") = "AccessControlService.API", "src\AccessControlService\AccessControlService.API\AccessControlService.API.csproj", "{2218F9CD-047D-49E8-A2D4-AAA8FBF65C34}"
EndProject
Project("{FAE04EC0-301F-11D3-BF4B-00C04F79EFBC}") = "AccessControlService.Application", "src\AccessControlService\AccessControlService.Application\AccessControlService.Application.csproj", "{DFE5E454-B6DA-4686-BAA6-BE066D15A2DA}"
EndProject
Project("{FAE04EC0-301F-11D3-BF4B-00C04F79EFBC}") = "AccessControlService.Domain", "src\AccessControlService\AccessControlService.Domain\AccessControlService.Domain.csproj", "{D0A2CA2B-8DC0-46FB-B0E2-764AF89B01F1}"
EndProject
Project("{FAE04EC0-301F-11D3-BF4B-00C04F79EFBC}") = "AccessControlService.Infrastructure", "src\AccessControlService\AccessControlService.Infrastructure\AccessControlService.Infrastructure.csproj", "{E2FF9E7D-B01F-4EA2-A311-76A65B9CC1B4}"
EndProject
Project("{2150E333-8FDC-42A3-9474-1A3956D46DE8}") = "APIGateway", "APIGateway", "{FCA01246-F2C6-0AA7-D43F-FD13BE0B9D88}"
EndProject
Project("{FAE04EC0-301F-11D3-BF4B-00C04F79EFBC}") = "APIGateway.API", "src\APIGateway\APIGateway.API\APIGateway.API.csproj", "{07D9DF99-6B2C-4F12-ADB7-91B8CB8C7B67}"
EndProject
Project("{FAE04EC0-301F-11D3-BF4B-00C04F79EFBC}") = "APIGateway.Application", "src\APIGateway\APIGateway.Application\APIGateway.Application.csproj", "{730CDA6C-DCB6-400C-B45A-AA9053FF001D}"
EndProject
Project("{FAE04EC0-301F-11D3-BF4B-00C04F79EFBC}") = "APIGateway.Domain", "src\APIGateway\APIGateway.Domain\APIGateway.Domain.csproj", "{E0AE222E-CEB9-4364-A6C9-36575A86A9BD}"
EndProject
Project("{FAE04EC0-301F-11D3-BF4B-00C04F79EFBC}") = "APIGateway.Infrastructure", "src\APIGateway\APIGateway.Infrastructure\APIGateway.Infrastructure.csproj", "{B325C376-A02D-44B5-AFD9-3F8DA1FF4CEF}"
EndProject
Project("{2150E333-8FDC-42A3-9474-1A3956D46DE8}") = "AuditLoggingService", "AuditLoggingService", "{5567FBC4-4CA3-863A-A740-7ED09B73A4D3}"
EndProject
Project("{FAE04EC0-301F-11D3-BF4B-00C04F79EFBC}") = "AuditLoggingService.API", "src\AuditLoggingService\AuditLoggingService.API\AuditLoggingService.API.csproj", "{E07ABF39-1BD0-4822-A470-84E3FE4F0D3E}"
EndProject
Project("{FAE04EC0-301F-11D3-BF4B-00C04F79EFBC}") = "AuditLoggingService.Application", "src\AuditLoggingService\AuditLoggingService.Application\AuditLoggingService.Application.csproj", "{7BCC059A-7E3A-4FEA-9537-1AAF3E2411A6}"
EndProject
Project("{FAE04EC0-301F-11D3-BF4B-00C04F79EFBC}") = "AuditLoggingService.Domain", "src\AuditLoggingService\AuditLoggingService.Domain\AuditLoggingService.Domain.csproj", "{AB2D1DF1-A9DF-4C78-BB79-7661B94B2DB3}"
EndProject
Project("{FAE04EC0-301F-11D3-BF4B-00C04F79EFBC}") = "AuditLoggingService.Infrastructure", "src\AuditLoggingService\AuditLoggingService.Infrastructure\AuditLoggingService.Infrastructure.csproj", "{A7626B8E-5A6E-4E3B-9E65-B6DEB0C5C00E}"
EndProject
Project("{FAE04EC0-301F-11D3-BF4B-00C04F79EFBC}") = "IdentityService.Application.Tests", "src\IdentityService\IdentityService.Application.Tests\IdentityService.Application.Tests.csproj", "{3A46C090-E4F8-42C6-B1D4-E9EEB293B47F}"
EndProject
Project("{2150E333-8FDC-42A3-9474-1A3956D46DE8}") = "MemoryArchiveService", "MemoryArchiveService", "{887BDDF8-9803-6819-6983-4EE20A7DD4D0}"
EndProject
Project("{FAE04EC0-301F-11D3-BF4B-00C04F79EFBC}") = "MemoryArchiveService.API", "src\MemoryArchiveService\MemoryArchiveService.API\MemoryArchiveService.API.csproj", "{F22D0EF9-8EAB-4BEC-8E3F-E572F9FF99FA}"
EndProject
Project("{FAE04EC0-301F-11D3-BF4B-00C04F79EFBC}") = "MemoryArchiveService.Application", "src\MemoryArchiveService\MemoryArchiveService.Application\MemoryArchiveService.Application.csproj", "{CA163314-0272-4AA8-9B76-0987B9BB428E}"
EndProject
Project("{FAE04EC0-301F-11D3-BF4B-00C04F79EFBC}") = "MemoryArchiveService.Domain", "src\MemoryArchiveService\MemoryArchiveService.Domain\MemoryArchiveService.Domain.csproj", "{9E15163A-8A21-401D-BE5F-4F44A35A3843}"
EndProject
Project("{FAE04EC0-301F-11D3-BF4B-00C04F79EFBC}") = "MemoryArchiveService.Infrastructure", "src\MemoryArchiveService\MemoryArchiveService.Infrastructure\MemoryArchiveService.Infrastructure.csproj", "{3FBE9BC0-6F5C-4B26-B46C-0264D59DB1C0}"
EndProject
Project("{2150E333-8FDC-42A3-9474-1A3956D46DE8}") = "ModerationService", "ModerationService", "{78E37119-D193-7121-271E-5C7FF2E110D8}"
EndProject
Project("{2150E333-8FDC-42A3-9474-1A3956D46DE8}") = "NotificationService", "NotificationService", "{9ED238A0-938C-9A3F-DDEA-9079E74DEC51}"
	ProjectSection(SolutionItems) = preProject
		src\NotificationService\NotificationService.API\Dockerfile = src\NotificationService\NotificationService.API\Dockerfile
	EndProjectSection
EndProject
Project("{FAE04EC0-301F-11D3-BF4B-00C04F79EFBC}") = "NotificationService.API", "src\NotificationService\NotificationService.API\NotificationService.API.csproj", "{46DE35F4-D7F7-4D5C-B02F-2DD9FE2E7092}"
EndProject
Project("{FAE04EC0-301F-11D3-BF4B-00C04F79EFBC}") = "NotificationService.Application", "src\NotificationService\NotificationService.Application\NotificationService.Application.csproj", "{B705C294-48CC-499D-8044-D8E6C872DB87}"
EndProject
Project("{FAE04EC0-301F-11D3-BF4B-00C04F79EFBC}") = "NotificationService.Domain", "src\NotificationService\NotificationService.Domain\NotificationService.Domain.csproj", "{2E432717-B7CB-4CF2-8ECA-72573552E9A7}"
EndProject
Project("{FAE04EC0-301F-11D3-BF4B-00C04F79EFBC}") = "NotificationService.Infrastructure", "src\NotificationService\NotificationService.Infrastructure\NotificationService.Infrastructure.csproj", "{26E3C143-DCA1-4440-A63B-EA8D3A88BC8D}"
EndProject
Project("{2150E333-8FDC-42A3-9474-1A3956D46DE8}") = "PublicViewService", "PublicViewService", "{D826384E-30C5-7751-E2A3-3FA00F5D013A}"
EndProject
Project("{FAE04EC0-301F-11D3-BF4B-00C04F79EFBC}") = "Shared.Messaging", "src\Shared.Messaging\Shared.Messaging.csproj", "{6D41358F-EF7D-BC4F-D63B-3FFCAC8F5FA8}"
EndProject
Project("{FAE04EC0-301F-11D3-BF4B-00C04F79EFBC}") = "ModerationService.API", "src\ModerationService\ModerationService.API.csproj", "{570A2334-E5F2-47DC-87E6-07C337C9EC15}"
EndProject
Project("{FAE04EC0-301F-11D3-BF4B-00C04F79EFBC}") = "PublicViewService.API", "src\PublicViewService\PublicViewService.API.csproj", "{A0203B1D-3F23-4DE0-B972-26FC2755FAB7}"
EndProject
Project("{2150E333-8FDC-42A3-9474-1A3956D46DE8}") = "QRCodeService", "QRCodeService", "{D2499F36-EA6E-E317-D53A-35E1F74BA765}"
EndProject
Project("{FAE04EC0-301F-11D3-BF4B-00C04F79EFBC}") = "QRCodeService.API", "src\QRCodeService\QRCodeService.API.csproj", "{4A11A932-172E-4871-B0FE-540E7D47481B}"
EndProject
Global
	GlobalSection(SolutionConfigurationPlatforms) = preSolution
		Debug|Any CPU = Debug|Any CPU
		Debug|x64 = Debug|x64
		Debug|x86 = Debug|x86
		Release|Any CPU = Release|Any CPU
		Release|x64 = Release|x64
		Release|x86 = Release|x86
	EndGlobalSection
	GlobalSection(ProjectConfigurationPlatforms) = postSolution
		{A6795628-84C4-4A87-A2A7-39CE97F396D9}.Debug|Any CPU.ActiveCfg = Debug|Any CPU
		{A6795628-84C4-4A87-A2A7-39CE97F396D9}.Debug|Any CPU.Build.0 = Debug|Any CPU
		{A6795628-84C4-4A87-A2A7-39CE97F396D9}.Debug|x64.ActiveCfg = Debug|Any CPU
		{A6795628-84C4-4A87-A2A7-39CE97F396D9}.Debug|x64.Build.0 = Debug|Any CPU
		{A6795628-84C4-4A87-A2A7-39CE97F396D9}.Debug|x86.ActiveCfg = Debug|Any CPU
		{A6795628-84C4-4A87-A2A7-39CE97F396D9}.Debug|x86.Build.0 = Debug|Any CPU
		{A6795628-84C4-4A87-A2A7-39CE97F396D9}.Release|Any CPU.ActiveCfg = Release|Any CPU
		{A6795628-84C4-4A87-A2A7-39CE97F396D9}.Release|Any CPU.Build.0 = Release|Any CPU
		{A6795628-84C4-4A87-A2A7-39CE97F396D9}.Release|x64.ActiveCfg = Release|Any CPU
		{A6795628-84C4-4A87-A2A7-39CE97F396D9}.Release|x64.Build.0 = Release|Any CPU
		{A6795628-84C4-4A87-A2A7-39CE97F396D9}.Release|x86.ActiveCfg = Release|Any CPU
		{A6795628-84C4-4A87-A2A7-39CE97F396D9}.Release|x86.Build.0 = Release|Any CPU
		{26A806D7-9F1B-4AF7-8D2C-07CD5EDC8C88}.Debug|Any CPU.ActiveCfg = Debug|Any CPU
		{26A806D7-9F1B-4AF7-8D2C-07CD5EDC8C88}.Debug|Any CPU.Build.0 = Debug|Any CPU
		{26A806D7-9F1B-4AF7-8D2C-07CD5EDC8C88}.Debug|x64.ActiveCfg = Debug|Any CPU
		{26A806D7-9F1B-4AF7-8D2C-07CD5EDC8C88}.Debug|x64.Build.0 = Debug|Any CPU
		{26A806D7-9F1B-4AF7-8D2C-07CD5EDC8C88}.Debug|x86.ActiveCfg = Debug|Any CPU
		{26A806D7-9F1B-4AF7-8D2C-07CD5EDC8C88}.Debug|x86.Build.0 = Debug|Any CPU
		{26A806D7-9F1B-4AF7-8D2C-07CD5EDC8C88}.Release|Any CPU.ActiveCfg = Release|Any CPU
		{26A806D7-9F1B-4AF7-8D2C-07CD5EDC8C88}.Release|Any CPU.Build.0 = Release|Any CPU
		{26A806D7-9F1B-4AF7-8D2C-07CD5EDC8C88}.Release|x64.ActiveCfg = Release|Any CPU
		{26A806D7-9F1B-4AF7-8D2C-07CD5EDC8C88}.Release|x64.Build.0 = Release|Any CPU
		{26A806D7-9F1B-4AF7-8D2C-07CD5EDC8C88}.Release|x86.ActiveCfg = Release|Any CPU
		{26A806D7-9F1B-4AF7-8D2C-07CD5EDC8C88}.Release|x86.Build.0 = Release|Any CPU
		{86713814-647D-4078-AAF7-5C47EE0BCFC6}.Debug|Any CPU.ActiveCfg = Debug|Any CPU
		{86713814-647D-4078-AAF7-5C47EE0BCFC6}.Debug|Any CPU.Build.0 = Debug|Any CPU
		{86713814-647D-4078-AAF7-5C47EE0BCFC6}.Debug|x64.ActiveCfg = Debug|Any CPU
		{86713814-647D-4078-AAF7-5C47EE0BCFC6}.Debug|x64.Build.0 = Debug|Any CPU
		{86713814-647D-4078-AAF7-5C47EE0BCFC6}.Debug|x86.ActiveCfg = Debug|Any CPU
		{86713814-647D-4078-AAF7-5C47EE0BCFC6}.Debug|x86.Build.0 = Debug|Any CPU
		{86713814-647D-4078-AAF7-5C47EE0BCFC6}.Release|Any CPU.ActiveCfg = Release|Any CPU
		{86713814-647D-4078-AAF7-5C47EE0BCFC6}.Release|Any CPU.Build.0 = Release|Any CPU
		{86713814-647D-4078-AAF7-5C47EE0BCFC6}.Release|x64.ActiveCfg = Release|Any CPU
		{86713814-647D-4078-AAF7-5C47EE0BCFC6}.Release|x64.Build.0 = Release|Any CPU
		{86713814-647D-4078-AAF7-5C47EE0BCFC6}.Release|x86.ActiveCfg = Release|Any CPU
		{86713814-647D-4078-AAF7-5C47EE0BCFC6}.Release|x86.Build.0 = Release|Any CPU
		{A3B60933-5B72-4E19-B118-6D13A548B8BF}.Debug|Any CPU.ActiveCfg = Debug|Any CPU
		{A3B60933-5B72-4E19-B118-6D13A548B8BF}.Debug|Any CPU.Build.0 = Debug|Any CPU
		{A3B60933-5B72-4E19-B118-6D13A548B8BF}.Debug|x64.ActiveCfg = Debug|Any CPU
		{A3B60933-5B72-4E19-B118-6D13A548B8BF}.Debug|x64.Build.0 = Debug|Any CPU
		{A3B60933-5B72-4E19-B118-6D13A548B8BF}.Debug|x86.ActiveCfg = Debug|Any CPU
		{A3B60933-5B72-4E19-B118-6D13A548B8BF}.Debug|x86.Build.0 = Debug|Any CPU
		{A3B60933-5B72-4E19-B118-6D13A548B8BF}.Release|Any CPU.ActiveCfg = Release|Any CPU
		{A3B60933-5B72-4E19-B118-6D13A548B8BF}.Release|Any CPU.Build.0 = Release|Any CPU
		{A3B60933-5B72-4E19-B118-6D13A548B8BF}.Release|x64.ActiveCfg = Release|Any CPU
		{A3B60933-5B72-4E19-B118-6D13A548B8BF}.Release|x64.Build.0 = Release|Any CPU
		{A3B60933-5B72-4E19-B118-6D13A548B8BF}.Release|x86.ActiveCfg = Release|Any CPU
		{A3B60933-5B72-4E19-B118-6D13A548B8BF}.Release|x86.Build.0 = Release|Any CPU
		{4BD20FD2-42A3-40C8-933F-5B40EF24DF68}.Debug|Any CPU.ActiveCfg = Debug|Any CPU
		{4BD20FD2-42A3-40C8-933F-5B40EF24DF68}.Debug|Any CPU.Build.0 = Debug|Any CPU
		{4BD20FD2-42A3-40C8-933F-5B40EF24DF68}.Debug|x64.ActiveCfg = Debug|Any CPU
		{4BD20FD2-42A3-40C8-933F-5B40EF24DF68}.Debug|x64.Build.0 = Debug|Any CPU
		{4BD20FD2-42A3-40C8-933F-5B40EF24DF68}.Debug|x86.ActiveCfg = Debug|Any CPU
		{4BD20FD2-42A3-40C8-933F-5B40EF24DF68}.Debug|x86.Build.0 = Debug|Any CPU
		{4BD20FD2-42A3-40C8-933F-5B40EF24DF68}.Release|Any CPU.ActiveCfg = Release|Any CPU
		{4BD20FD2-42A3-40C8-933F-5B40EF24DF68}.Release|Any CPU.Build.0 = Release|Any CPU
		{4BD20FD2-42A3-40C8-933F-5B40EF24DF68}.Release|x64.ActiveCfg = Release|Any CPU
		{4BD20FD2-42A3-40C8-933F-5B40EF24DF68}.Release|x64.Build.0 = Release|Any CPU
		{4BD20FD2-42A3-40C8-933F-5B40EF24DF68}.Release|x86.ActiveCfg = Release|Any CPU
		{4BD20FD2-42A3-40C8-933F-5B40EF24DF68}.Release|x86.Build.0 = Release|Any CPU
		{3996658F-915D-40AC-8CD5-53EC9141ED99}.Debug|Any CPU.ActiveCfg = Debug|Any CPU
		{3996658F-915D-40AC-8CD5-53EC9141ED99}.Debug|Any CPU.Build.0 = Debug|Any CPU
		{3996658F-915D-40AC-8CD5-53EC9141ED99}.Debug|x64.ActiveCfg = Debug|Any CPU
		{3996658F-915D-40AC-8CD5-53EC9141ED99}.Debug|x64.Build.0 = Debug|Any CPU
		{3996658F-915D-40AC-8CD5-53EC9141ED99}.Debug|x86.ActiveCfg = Debug|Any CPU
		{3996658F-915D-40AC-8CD5-53EC9141ED99}.Debug|x86.Build.0 = Debug|Any CPU
		{3996658F-915D-40AC-8CD5-53EC9141ED99}.Release|Any CPU.ActiveCfg = Release|Any CPU
		{3996658F-915D-40AC-8CD5-53EC9141ED99}.Release|Any CPU.Build.0 = Release|Any CPU
		{3996658F-915D-40AC-8CD5-53EC9141ED99}.Release|x64.ActiveCfg = Release|Any CPU
		{3996658F-915D-40AC-8CD5-53EC9141ED99}.Release|x64.Build.0 = Release|Any CPU
		{3996658F-915D-40AC-8CD5-53EC9141ED99}.Release|x86.ActiveCfg = Release|Any CPU
		{3996658F-915D-40AC-8CD5-53EC9141ED99}.Release|x86.Build.0 = Release|Any CPU
		{623C6CC8-9234-4BDC-A4D9-E88252C92F19}.Debug|Any CPU.ActiveCfg = Debug|Any CPU
		{623C6CC8-9234-4BDC-A4D9-E88252C92F19}.Debug|Any CPU.Build.0 = Debug|Any CPU
		{623C6CC8-9234-4BDC-A4D9-E88252C92F19}.Debug|x64.ActiveCfg = Debug|Any CPU
		{623C6CC8-9234-4BDC-A4D9-E88252C92F19}.Debug|x64.Build.0 = Debug|Any CPU
		{623C6CC8-9234-4BDC-A4D9-E88252C92F19}.Debug|x86.ActiveCfg = Debug|Any CPU
		{623C6CC8-9234-4BDC-A4D9-E88252C92F19}.Debug|x86.Build.0 = Debug|Any CPU
		{623C6CC8-9234-4BDC-A4D9-E88252C92F19}.Release|Any CPU.ActiveCfg = Release|Any CPU
		{623C6CC8-9234-4BDC-A4D9-E88252C92F19}.Release|Any CPU.Build.0 = Release|Any CPU
		{623C6CC8-9234-4BDC-A4D9-E88252C92F19}.Release|x64.ActiveCfg = Release|Any CPU
		{623C6CC8-9234-4BDC-A4D9-E88252C92F19}.Release|x64.Build.0 = Release|Any CPU
		{623C6CC8-9234-4BDC-A4D9-E88252C92F19}.Release|x86.ActiveCfg = Release|Any CPU
		{623C6CC8-9234-4BDC-A4D9-E88252C92F19}.Release|x86.Build.0 = Release|Any CPU
		{353C1121-8B5F-4F0D-8A37-564A662E1C4B}.Debug|Any CPU.ActiveCfg = Debug|Any CPU
		{353C1121-8B5F-4F0D-8A37-564A662E1C4B}.Debug|Any CPU.Build.0 = Debug|Any CPU
		{353C1121-8B5F-4F0D-8A37-564A662E1C4B}.Debug|x64.ActiveCfg = Debug|Any CPU
		{353C1121-8B5F-4F0D-8A37-564A662E1C4B}.Debug|x64.Build.0 = Debug|Any CPU
		{353C1121-8B5F-4F0D-8A37-564A662E1C4B}.Debug|x86.ActiveCfg = Debug|Any CPU
		{353C1121-8B5F-4F0D-8A37-564A662E1C4B}.Debug|x86.Build.0 = Debug|Any CPU
		{353C1121-8B5F-4F0D-8A37-564A662E1C4B}.Release|Any CPU.ActiveCfg = Release|Any CPU
		{353C1121-8B5F-4F0D-8A37-564A662E1C4B}.Release|Any CPU.Build.0 = Release|Any CPU
		{353C1121-8B5F-4F0D-8A37-564A662E1C4B}.Release|x64.ActiveCfg = Release|Any CPU
		{353C1121-8B5F-4F0D-8A37-564A662E1C4B}.Release|x64.Build.0 = Release|Any CPU
		{353C1121-8B5F-4F0D-8A37-564A662E1C4B}.Release|x86.ActiveCfg = Release|Any CPU
		{353C1121-8B5F-4F0D-8A37-564A662E1C4B}.Release|x86.Build.0 = Release|Any CPU
		{2218F9CD-047D-49E8-A2D4-AAA8FBF65C34}.Debug|Any CPU.ActiveCfg = Debug|Any CPU
		{2218F9CD-047D-49E8-A2D4-AAA8FBF65C34}.Debug|Any CPU.Build.0 = Debug|Any CPU
		{2218F9CD-047D-49E8-A2D4-AAA8FBF65C34}.Debug|x64.ActiveCfg = Debug|Any CPU
		{2218F9CD-047D-49E8-A2D4-AAA8FBF65C34}.Debug|x64.Build.0 = Debug|Any CPU
		{2218F9CD-047D-49E8-A2D4-AAA8FBF65C34}.Debug|x86.ActiveCfg = Debug|Any CPU
		{2218F9CD-047D-49E8-A2D4-AAA8FBF65C34}.Debug|x86.Build.0 = Debug|Any CPU
		{2218F9CD-047D-49E8-A2D4-AAA8FBF65C34}.Release|Any CPU.ActiveCfg = Release|Any CPU
		{2218F9CD-047D-49E8-A2D4-AAA8FBF65C34}.Release|Any CPU.Build.0 = Release|Any CPU
		{2218F9CD-047D-49E8-A2D4-AAA8FBF65C34}.Release|x64.ActiveCfg = Release|Any CPU
		{2218F9CD-047D-49E8-A2D4-AAA8FBF65C34}.Release|x64.Build.0 = Release|Any CPU
		{2218F9CD-047D-49E8-A2D4-AAA8FBF65C34}.Release|x86.ActiveCfg = Release|Any CPU
		{2218F9CD-047D-49E8-A2D4-AAA8FBF65C34}.Release|x86.Build.0 = Release|Any CPU
		{DFE5E454-B6DA-4686-BAA6-BE066D15A2DA}.Debug|Any CPU.ActiveCfg = Debug|Any CPU
		{DFE5E454-B6DA-4686-BAA6-BE066D15A2DA}.Debug|Any CPU.Build.0 = Debug|Any CPU
		{DFE5E454-B6DA-4686-BAA6-BE066D15A2DA}.Debug|x64.ActiveCfg = Debug|Any CPU
		{DFE5E454-B6DA-4686-BAA6-BE066D15A2DA}.Debug|x64.Build.0 = Debug|Any CPU
		{DFE5E454-B6DA-4686-BAA6-BE066D15A2DA}.Debug|x86.ActiveCfg = Debug|Any CPU
		{DFE5E454-B6DA-4686-BAA6-BE066D15A2DA}.Debug|x86.Build.0 = Debug|Any CPU
		{DFE5E454-B6DA-4686-BAA6-BE066D15A2DA}.Release|Any CPU.ActiveCfg = Release|Any CPU
		{DFE5E454-B6DA-4686-BAA6-BE066D15A2DA}.Release|Any CPU.Build.0 = Release|Any CPU
		{DFE5E454-B6DA-4686-BAA6-BE066D15A2DA}.Release|x64.ActiveCfg = Release|Any CPU
		{DFE5E454-B6DA-4686-BAA6-BE066D15A2DA}.Release|x64.Build.0 = Release|Any CPU
		{DFE5E454-B6DA-4686-BAA6-BE066D15A2DA}.Release|x86.ActiveCfg = Release|Any CPU
		{DFE5E454-B6DA-4686-BAA6-BE066D15A2DA}.Release|x86.Build.0 = Release|Any CPU
		{D0A2CA2B-8DC0-46FB-B0E2-764AF89B01F1}.Debug|Any CPU.ActiveCfg = Debug|Any CPU
		{D0A2CA2B-8DC0-46FB-B0E2-764AF89B01F1}.Debug|Any CPU.Build.0 = Debug|Any CPU
		{D0A2CA2B-8DC0-46FB-B0E2-764AF89B01F1}.Debug|x64.ActiveCfg = Debug|Any CPU
		{D0A2CA2B-8DC0-46FB-B0E2-764AF89B01F1}.Debug|x64.Build.0 = Debug|Any CPU
		{D0A2CA2B-8DC0-46FB-B0E2-764AF89B01F1}.Debug|x86.ActiveCfg = Debug|Any CPU
		{D0A2CA2B-8DC0-46FB-B0E2-764AF89B01F1}.Debug|x86.Build.0 = Debug|Any CPU
		{D0A2CA2B-8DC0-46FB-B0E2-764AF89B01F1}.Release|Any CPU.ActiveCfg = Release|Any CPU
		{D0A2CA2B-8DC0-46FB-B0E2-764AF89B01F1}.Release|Any CPU.Build.0 = Release|Any CPU
		{D0A2CA2B-8DC0-46FB-B0E2-764AF89B01F1}.Release|x64.ActiveCfg = Release|Any CPU
		{D0A2CA2B-8DC0-46FB-B0E2-764AF89B01F1}.Release|x64.Build.0 = Release|Any CPU
		{D0A2CA2B-8DC0-46FB-B0E2-764AF89B01F1}.Release|x86.ActiveCfg = Release|Any CPU
		{D0A2CA2B-8DC0-46FB-B0E2-764AF89B01F1}.Release|x86.Build.0 = Release|Any CPU
		{E2FF9E7D-B01F-4EA2-A311-76A65B9CC1B4}.Debug|Any CPU.ActiveCfg = Debug|Any CPU
		{E2FF9E7D-B01F-4EA2-A311-76A65B9CC1B4}.Debug|Any CPU.Build.0 = Debug|Any CPU
		{E2FF9E7D-B01F-4EA2-A311-76A65B9CC1B4}.Debug|x64.ActiveCfg = Debug|Any CPU
		{E2FF9E7D-B01F-4EA2-A311-76A65B9CC1B4}.Debug|x64.Build.0 = Debug|Any CPU
		{E2FF9E7D-B01F-4EA2-A311-76A65B9CC1B4}.Debug|x86.ActiveCfg = Debug|Any CPU
		{E2FF9E7D-B01F-4EA2-A311-76A65B9CC1B4}.Debug|x86.Build.0 = Debug|Any CPU
		{E2FF9E7D-B01F-4EA2-A311-76A65B9CC1B4}.Release|Any CPU.ActiveCfg = Release|Any CPU
		{E2FF9E7D-B01F-4EA2-A311-76A65B9CC1B4}.Release|Any CPU.Build.0 = Release|Any CPU
		{E2FF9E7D-B01F-4EA2-A311-76A65B9CC1B4}.Release|x64.ActiveCfg = Release|Any CPU
		{E2FF9E7D-B01F-4EA2-A311-76A65B9CC1B4}.Release|x64.Build.0 = Release|Any CPU
		{E2FF9E7D-B01F-4EA2-A311-76A65B9CC1B4}.Release|x86.ActiveCfg = Release|Any CPU
		{E2FF9E7D-B01F-4EA2-A311-76A65B9CC1B4}.Release|x86.Build.0 = Release|Any CPU
		{07D9DF99-6B2C-4F12-ADB7-91B8CB8C7B67}.Debug|Any CPU.ActiveCfg = Debug|Any CPU
		{07D9DF99-6B2C-4F12-ADB7-91B8CB8C7B67}.Debug|Any CPU.Build.0 = Debug|Any CPU
		{07D9DF99-6B2C-4F12-ADB7-91B8CB8C7B67}.Debug|x64.ActiveCfg = Debug|Any CPU
		{07D9DF99-6B2C-4F12-ADB7-91B8CB8C7B67}.Debug|x64.Build.0 = Debug|Any CPU
		{07D9DF99-6B2C-4F12-ADB7-91B8CB8C7B67}.Debug|x86.ActiveCfg = Debug|Any CPU
		{07D9DF99-6B2C-4F12-ADB7-91B8CB8C7B67}.Debug|x86.Build.0 = Debug|Any CPU
		{07D9DF99-6B2C-4F12-ADB7-91B8CB8C7B67}.Release|Any CPU.ActiveCfg = Release|Any CPU
		{07D9DF99-6B2C-4F12-ADB7-91B8CB8C7B67}.Release|Any CPU.Build.0 = Release|Any CPU
		{07D9DF99-6B2C-4F12-ADB7-91B8CB8C7B67}.Release|x64.ActiveCfg = Release|Any CPU
		{07D9DF99-6B2C-4F12-ADB7-91B8CB8C7B67}.Release|x64.Build.0 = Release|Any CPU
		{07D9DF99-6B2C-4F12-ADB7-91B8CB8C7B67}.Release|x86.ActiveCfg = Release|Any CPU
		{07D9DF99-6B2C-4F12-ADB7-91B8CB8C7B67}.Release|x86.Build.0 = Release|Any CPU
		{730CDA6C-DCB6-400C-B45A-AA9053FF001D}.Debug|Any CPU.ActiveCfg = Debug|Any CPU
		{730CDA6C-DCB6-400C-B45A-AA9053FF001D}.Debug|Any CPU.Build.0 = Debug|Any CPU
		{730CDA6C-DCB6-400C-B45A-AA9053FF001D}.Debug|x64.ActiveCfg = Debug|Any CPU
		{730CDA6C-DCB6-400C-B45A-AA9053FF001D}.Debug|x64.Build.0 = Debug|Any CPU
		{730CDA6C-DCB6-400C-B45A-AA9053FF001D}.Debug|x86.ActiveCfg = Debug|Any CPU
		{730CDA6C-DCB6-400C-B45A-AA9053FF001D}.Debug|x86.Build.0 = Debug|Any CPU
		{730CDA6C-DCB6-400C-B45A-AA9053FF001D}.Release|Any CPU.ActiveCfg = Release|Any CPU
		{730CDA6C-DCB6-400C-B45A-AA9053FF001D}.Release|Any CPU.Build.0 = Release|Any CPU
		{730CDA6C-DCB6-400C-B45A-AA9053FF001D}.Release|x64.ActiveCfg = Release|Any CPU
		{730CDA6C-DCB6-400C-B45A-AA9053FF001D}.Release|x64.Build.0 = Release|Any CPU
		{730CDA6C-DCB6-400C-B45A-AA9053FF001D}.Release|x86.ActiveCfg = Release|Any CPU
		{730CDA6C-DCB6-400C-B45A-AA9053FF001D}.Release|x86.Build.0 = Release|Any CPU
		{E0AE222E-CEB9-4364-A6C9-36575A86A9BD}.Debug|Any CPU.ActiveCfg = Debug|Any CPU
		{E0AE222E-CEB9-4364-A6C9-36575A86A9BD}.Debug|Any CPU.Build.0 = Debug|Any CPU
		{E0AE222E-CEB9-4364-A6C9-36575A86A9BD}.Debug|x64.ActiveCfg = Debug|Any CPU
		{E0AE222E-CEB9-4364-A6C9-36575A86A9BD}.Debug|x64.Build.0 = Debug|Any CPU
		{E0AE222E-CEB9-4364-A6C9-36575A86A9BD}.Debug|x86.ActiveCfg = Debug|Any CPU
		{E0AE222E-CEB9-4364-A6C9-36575A86A9BD}.Debug|x86.Build.0 = Debug|Any CPU
		{E0AE222E-CEB9-4364-A6C9-36575A86A9BD}.Release|Any CPU.ActiveCfg = Release|Any CPU
		{E0AE222E-CEB9-4364-A6C9-36575A86A9BD}.Release|Any CPU.Build.0 = Release|Any CPU
		{E0AE222E-CEB9-4364-A6C9-36575A86A9BD}.Release|x64.ActiveCfg = Release|Any CPU
		{E0AE222E-CEB9-4364-A6C9-36575A86A9BD}.Release|x64.Build.0 = Release|Any CPU
		{E0AE222E-CEB9-4364-A6C9-36575A86A9BD}.Release|x86.ActiveCfg = Release|Any CPU
		{E0AE222E-CEB9-4364-A6C9-36575A86A9BD}.Release|x86.Build.0 = Release|Any CPU
		{B325C376-A02D-44B5-AFD9-3F8DA1FF4CEF}.Debug|Any CPU.ActiveCfg = Debug|Any CPU
		{B325C376-A02D-44B5-AFD9-3F8DA1FF4CEF}.Debug|Any CPU.Build.0 = Debug|Any CPU
		{B325C376-A02D-44B5-AFD9-3F8DA1FF4CEF}.Debug|x64.ActiveCfg = Debug|Any CPU
		{B325C376-A02D-44B5-AFD9-3F8DA1FF4CEF}.Debug|x64.Build.0 = Debug|Any CPU
		{B325C376-A02D-44B5-AFD9-3F8DA1FF4CEF}.Debug|x86.ActiveCfg = Debug|Any CPU
		{B325C376-A02D-44B5-AFD9-3F8DA1FF4CEF}.Debug|x86.Build.0 = Debug|Any CPU
		{B325C376-A02D-44B5-AFD9-3F8DA1FF4CEF}.Release|Any CPU.ActiveCfg = Release|Any CPU
		{B325C376-A02D-44B5-AFD9-3F8DA1FF4CEF}.Release|Any CPU.Build.0 = Release|Any CPU
		{B325C376-A02D-44B5-AFD9-3F8DA1FF4CEF}.Release|x64.ActiveCfg = Release|Any CPU
		{B325C376-A02D-44B5-AFD9-3F8DA1FF4CEF}.Release|x64.Build.0 = Release|Any CPU
		{B325C376-A02D-44B5-AFD9-3F8DA1FF4CEF}.Release|x86.ActiveCfg = Release|Any CPU
		{B325C376-A02D-44B5-AFD9-3F8DA1FF4CEF}.Release|x86.Build.0 = Release|Any CPU
		{E07ABF39-1BD0-4822-A470-84E3FE4F0D3E}.Debug|Any CPU.ActiveCfg = Debug|Any CPU
		{E07ABF39-1BD0-4822-A470-84E3FE4F0D3E}.Debug|Any CPU.Build.0 = Debug|Any CPU
		{E07ABF39-1BD0-4822-A470-84E3FE4F0D3E}.Debug|x64.ActiveCfg = Debug|Any CPU
		{E07ABF39-1BD0-4822-A470-84E3FE4F0D3E}.Debug|x64.Build.0 = Debug|Any CPU
		{E07ABF39-1BD0-4822-A470-84E3FE4F0D3E}.Debug|x86.ActiveCfg = Debug|Any CPU
		{E07ABF39-1BD0-4822-A470-84E3FE4F0D3E}.Debug|x86.Build.0 = Debug|Any CPU
		{E07ABF39-1BD0-4822-A470-84E3FE4F0D3E}.Release|Any CPU.ActiveCfg = Release|Any CPU
		{E07ABF39-1BD0-4822-A470-84E3FE4F0D3E}.Release|Any CPU.Build.0 = Release|Any CPU
		{E07ABF39-1BD0-4822-A470-84E3FE4F0D3E}.Release|x64.ActiveCfg = Release|Any CPU
		{E07ABF39-1BD0-4822-A470-84E3FE4F0D3E}.Release|x64.Build.0 = Release|Any CPU
		{E07ABF39-1BD0-4822-A470-84E3FE4F0D3E}.Release|x86.ActiveCfg = Release|Any CPU
		{E07ABF39-1BD0-4822-A470-84E3FE4F0D3E}.Release|x86.Build.0 = Release|Any CPU
		{7BCC059A-7E3A-4FEA-9537-1AAF3E2411A6}.Debug|Any CPU.ActiveCfg = Debug|Any CPU
		{7BCC059A-7E3A-4FEA-9537-1AAF3E2411A6}.Debug|Any CPU.Build.0 = Debug|Any CPU
		{7BCC059A-7E3A-4FEA-9537-1AAF3E2411A6}.Debug|x64.ActiveCfg = Debug|Any CPU
		{7BCC059A-7E3A-4FEA-9537-1AAF3E2411A6}.Debug|x64.Build.0 = Debug|Any CPU
		{7BCC059A-7E3A-4FEA-9537-1AAF3E2411A6}.Debug|x86.ActiveCfg = Debug|Any CPU
		{7BCC059A-7E3A-4FEA-9537-1AAF3E2411A6}.Debug|x86.Build.0 = Debug|Any CPU
		{7BCC059A-7E3A-4FEA-9537-1AAF3E2411A6}.Release|Any CPU.ActiveCfg = Release|Any CPU
		{7BCC059A-7E3A-4FEA-9537-1AAF3E2411A6}.Release|Any CPU.Build.0 = Release|Any CPU
		{7BCC059A-7E3A-4FEA-9537-1AAF3E2411A6}.Release|x64.ActiveCfg = Release|Any CPU
		{7BCC059A-7E3A-4FEA-9537-1AAF3E2411A6}.Release|x64.Build.0 = Release|Any CPU
		{7BCC059A-7E3A-4FEA-9537-1AAF3E2411A6}.Release|x86.ActiveCfg = Release|Any CPU
		{7BCC059A-7E3A-4FEA-9537-1AAF3E2411A6}.Release|x86.Build.0 = Release|Any CPU
		{AB2D1DF1-A9DF-4C78-BB79-7661B94B2DB3}.Debug|Any CPU.ActiveCfg = Debug|Any CPU
		{AB2D1DF1-A9DF-4C78-BB79-7661B94B2DB3}.Debug|Any CPU.Build.0 = Debug|Any CPU
		{AB2D1DF1-A9DF-4C78-BB79-7661B94B2DB3}.Debug|x64.ActiveCfg = Debug|Any CPU
		{AB2D1DF1-A9DF-4C78-BB79-7661B94B2DB3}.Debug|x64.Build.0 = Debug|Any CPU
		{AB2D1DF1-A9DF-4C78-BB79-7661B94B2DB3}.Debug|x86.ActiveCfg = Debug|Any CPU
		{AB2D1DF1-A9DF-4C78-BB79-7661B94B2DB3}.Debug|x86.Build.0 = Debug|Any CPU
		{AB2D1DF1-A9DF-4C78-BB79-7661B94B2DB3}.Release|Any CPU.ActiveCfg = Release|Any CPU
		{AB2D1DF1-A9DF-4C78-BB79-7661B94B2DB3}.Release|Any CPU.Build.0 = Release|Any CPU
		{AB2D1DF1-A9DF-4C78-BB79-7661B94B2DB3}.Release|x64.ActiveCfg = Release|Any CPU
		{AB2D1DF1-A9DF-4C78-BB79-7661B94B2DB3}.Release|x64.Build.0 = Release|Any CPU
		{AB2D1DF1-A9DF-4C78-BB79-7661B94B2DB3}.Release|x86.ActiveCfg = Release|Any CPU
		{AB2D1DF1-A9DF-4C78-BB79-7661B94B2DB3}.Release|x86.Build.0 = Release|Any CPU
		{A7626B8E-5A6E-4E3B-9E65-B6DEB0C5C00E}.Debug|Any CPU.ActiveCfg = Debug|Any CPU
		{A7626B8E-5A6E-4E3B-9E65-B6DEB0C5C00E}.Debug|Any CPU.Build.0 = Debug|Any CPU
		{A7626B8E-5A6E-4E3B-9E65-B6DEB0C5C00E}.Debug|x64.ActiveCfg = Debug|Any CPU
		{A7626B8E-5A6E-4E3B-9E65-B6DEB0C5C00E}.Debug|x64.Build.0 = Debug|Any CPU
		{A7626B8E-5A6E-4E3B-9E65-B6DEB0C5C00E}.Debug|x86.ActiveCfg = Debug|Any CPU
		{A7626B8E-5A6E-4E3B-9E65-B6DEB0C5C00E}.Debug|x86.Build.0 = Debug|Any CPU
		{A7626B8E-5A6E-4E3B-9E65-B6DEB0C5C00E}.Release|Any CPU.ActiveCfg = Release|Any CPU
		{A7626B8E-5A6E-4E3B-9E65-B6DEB0C5C00E}.Release|Any CPU.Build.0 = Release|Any CPU
		{A7626B8E-5A6E-4E3B-9E65-B6DEB0C5C00E}.Release|x64.ActiveCfg = Release|Any CPU
		{A7626B8E-5A6E-4E3B-9E65-B6DEB0C5C00E}.Release|x64.Build.0 = Release|Any CPU
		{A7626B8E-5A6E-4E3B-9E65-B6DEB0C5C00E}.Release|x86.ActiveCfg = Release|Any CPU
		{A7626B8E-5A6E-4E3B-9E65-B6DEB0C5C00E}.Release|x86.Build.0 = Release|Any CPU
		{3A46C090-E4F8-42C6-B1D4-E9EEB293B47F}.Debug|Any CPU.ActiveCfg = Debug|Any CPU
		{3A46C090-E4F8-42C6-B1D4-E9EEB293B47F}.Debug|Any CPU.Build.0 = Debug|Any CPU
		{3A46C090-E4F8-42C6-B1D4-E9EEB293B47F}.Debug|x64.ActiveCfg = Debug|Any CPU
		{3A46C090-E4F8-42C6-B1D4-E9EEB293B47F}.Debug|x64.Build.0 = Debug|Any CPU
		{3A46C090-E4F8-42C6-B1D4-E9EEB293B47F}.Debug|x86.ActiveCfg = Debug|Any CPU
		{3A46C090-E4F8-42C6-B1D4-E9EEB293B47F}.Debug|x86.Build.0 = Debug|Any CPU
		{3A46C090-E4F8-42C6-B1D4-E9EEB293B47F}.Release|Any CPU.ActiveCfg = Release|Any CPU
		{3A46C090-E4F8-42C6-B1D4-E9EEB293B47F}.Release|Any CPU.Build.0 = Release|Any CPU
		{3A46C090-E4F8-42C6-B1D4-E9EEB293B47F}.Release|x64.ActiveCfg = Release|Any CPU
		{3A46C090-E4F8-42C6-B1D4-E9EEB293B47F}.Release|x64.Build.0 = Release|Any CPU
		{3A46C090-E4F8-42C6-B1D4-E9EEB293B47F}.Release|x86.ActiveCfg = Release|Any CPU
		{3A46C090-E4F8-42C6-B1D4-E9EEB293B47F}.Release|x86.Build.0 = Release|Any CPU
		{F22D0EF9-8EAB-4BEC-8E3F-E572F9FF99FA}.Debug|Any CPU.ActiveCfg = Debug|Any CPU
		{F22D0EF9-8EAB-4BEC-8E3F-E572F9FF99FA}.Debug|Any CPU.Build.0 = Debug|Any CPU
		{F22D0EF9-8EAB-4BEC-8E3F-E572F9FF99FA}.Debug|x64.ActiveCfg = Debug|Any CPU
		{F22D0EF9-8EAB-4BEC-8E3F-E572F9FF99FA}.Debug|x64.Build.0 = Debug|Any CPU
		{F22D0EF9-8EAB-4BEC-8E3F-E572F9FF99FA}.Debug|x86.ActiveCfg = Debug|Any CPU
		{F22D0EF9-8EAB-4BEC-8E3F-E572F9FF99FA}.Debug|x86.Build.0 = Debug|Any CPU
		{F22D0EF9-8EAB-4BEC-8E3F-E572F9FF99FA}.Release|Any CPU.ActiveCfg = Release|Any CPU
		{F22D0EF9-8EAB-4BEC-8E3F-E572F9FF99FA}.Release|Any CPU.Build.0 = Release|Any CPU
		{F22D0EF9-8EAB-4BEC-8E3F-E572F9FF99FA}.Release|x64.ActiveCfg = Release|Any CPU
		{F22D0EF9-8EAB-4BEC-8E3F-E572F9FF99FA}.Release|x64.Build.0 = Release|Any CPU
		{F22D0EF9-8EAB-4BEC-8E3F-E572F9FF99FA}.Release|x86.ActiveCfg = Release|Any CPU
		{F22D0EF9-8EAB-4BEC-8E3F-E572F9FF99FA}.Release|x86.Build.0 = Release|Any CPU
		{CA163314-0272-4AA8-9B76-0987B9BB428E}.Debug|Any CPU.ActiveCfg = Debug|Any CPU
		{CA163314-0272-4AA8-9B76-0987B9BB428E}.Debug|Any CPU.Build.0 = Debug|Any CPU
		{CA163314-0272-4AA8-9B76-0987B9BB428E}.Debug|x64.ActiveCfg = Debug|Any CPU
		{CA163314-0272-4AA8-9B76-0987B9BB428E}.Debug|x64.Build.0 = Debug|Any CPU
		{CA163314-0272-4AA8-9B76-0987B9BB428E}.Debug|x86.ActiveCfg = Debug|Any CPU
		{CA163314-0272-4AA8-9B76-0987B9BB428E}.Debug|x86.Build.0 = Debug|Any CPU
		{CA163314-0272-4AA8-9B76-0987B9BB428E}.Release|Any CPU.ActiveCfg = Release|Any CPU
		{CA163314-0272-4AA8-9B76-0987B9BB428E}.Release|Any CPU.Build.0 = Release|Any CPU
		{CA163314-0272-4AA8-9B76-0987B9BB428E}.Release|x64.ActiveCfg = Release|Any CPU
		{CA163314-0272-4AA8-9B76-0987B9BB428E}.Release|x64.Build.0 = Release|Any CPU
		{CA163314-0272-4AA8-9B76-0987B9BB428E}.Release|x86.ActiveCfg = Release|Any CPU
		{CA163314-0272-4AA8-9B76-0987B9BB428E}.Release|x86.Build.0 = Release|Any CPU
		{9E15163A-8A21-401D-BE5F-4F44A35A3843}.Debug|Any CPU.ActiveCfg = Debug|Any CPU
		{9E15163A-8A21-401D-BE5F-4F44A35A3843}.Debug|Any CPU.Build.0 = Debug|Any CPU
		{9E15163A-8A21-401D-BE5F-4F44A35A3843}.Debug|x64.ActiveCfg = Debug|Any CPU
		{9E15163A-8A21-401D-BE5F-4F44A35A3843}.Debug|x64.Build.0 = Debug|Any CPU
		{9E15163A-8A21-401D-BE5F-4F44A35A3843}.Debug|x86.ActiveCfg = Debug|Any CPU
		{9E15163A-8A21-401D-BE5F-4F44A35A3843}.Debug|x86.Build.0 = Debug|Any CPU
		{9E15163A-8A21-401D-BE5F-4F44A35A3843}.Release|Any CPU.ActiveCfg = Release|Any CPU
		{9E15163A-8A21-401D-BE5F-4F44A35A3843}.Release|Any CPU.Build.0 = Release|Any CPU
		{9E15163A-8A21-401D-BE5F-4F44A35A3843}.Release|x64.ActiveCfg = Release|Any CPU
		{9E15163A-8A21-401D-BE5F-4F44A35A3843}.Release|x64.Build.0 = Release|Any CPU
		{9E15163A-8A21-401D-BE5F-4F44A35A3843}.Release|x86.ActiveCfg = Release|Any CPU
		{9E15163A-8A21-401D-BE5F-4F44A35A3843}.Release|x86.Build.0 = Release|Any CPU
		{3FBE9BC0-6F5C-4B26-B46C-0264D59DB1C0}.Debug|Any CPU.ActiveCfg = Debug|Any CPU
		{3FBE9BC0-6F5C-4B26-B46C-0264D59DB1C0}.Debug|Any CPU.Build.0 = Debug|Any CPU
		{3FBE9BC0-6F5C-4B26-B46C-0264D59DB1C0}.Debug|x64.ActiveCfg = Debug|Any CPU
		{3FBE9BC0-6F5C-4B26-B46C-0264D59DB1C0}.Debug|x64.Build.0 = Debug|Any CPU
		{3FBE9BC0-6F5C-4B26-B46C-0264D59DB1C0}.Debug|x86.ActiveCfg = Debug|Any CPU
		{3FBE9BC0-6F5C-4B26-B46C-0264D59DB1C0}.Debug|x86.Build.0 = Debug|Any CPU
		{3FBE9BC0-6F5C-4B26-B46C-0264D59DB1C0}.Release|Any CPU.ActiveCfg = Release|Any CPU
		{3FBE9BC0-6F5C-4B26-B46C-0264D59DB1C0}.Release|Any CPU.Build.0 = Release|Any CPU
		{3FBE9BC0-6F5C-4B26-B46C-0264D59DB1C0}.Release|x64.ActiveCfg = Release|Any CPU
		{3FBE9BC0-6F5C-4B26-B46C-0264D59DB1C0}.Release|x64.Build.0 = Release|Any CPU
		{3FBE9BC0-6F5C-4B26-B46C-0264D59DB1C0}.Release|x86.ActiveCfg = Release|Any CPU
		{3FBE9BC0-6F5C-4B26-B46C-0264D59DB1C0}.Release|x86.Build.0 = Release|Any CPU
		{46DE35F4-D7F7-4D5C-B02F-2DD9FE2E7092}.Debug|Any CPU.ActiveCfg = Debug|Any CPU
		{46DE35F4-D7F7-4D5C-B02F-2DD9FE2E7092}.Debug|Any CPU.Build.0 = Debug|Any CPU
		{46DE35F4-D7F7-4D5C-B02F-2DD9FE2E7092}.Debug|x64.ActiveCfg = Debug|Any CPU
		{46DE35F4-D7F7-4D5C-B02F-2DD9FE2E7092}.Debug|x64.Build.0 = Debug|Any CPU
		{46DE35F4-D7F7-4D5C-B02F-2DD9FE2E7092}.Debug|x86.ActiveCfg = Debug|Any CPU
		{46DE35F4-D7F7-4D5C-B02F-2DD9FE2E7092}.Debug|x86.Build.0 = Debug|Any CPU
		{46DE35F4-D7F7-4D5C-B02F-2DD9FE2E7092}.Release|Any CPU.ActiveCfg = Release|Any CPU
		{46DE35F4-D7F7-4D5C-B02F-2DD9FE2E7092}.Release|Any CPU.Build.0 = Release|Any CPU
		{46DE35F4-D7F7-4D5C-B02F-2DD9FE2E7092}.Release|x64.ActiveCfg = Release|Any CPU
		{46DE35F4-D7F7-4D5C-B02F-2DD9FE2E7092}.Release|x64.Build.0 = Release|Any CPU
		{46DE35F4-D7F7-4D5C-B02F-2DD9FE2E7092}.Release|x86.ActiveCfg = Release|Any CPU
		{46DE35F4-D7F7-4D5C-B02F-2DD9FE2E7092}.Release|x86.Build.0 = Release|Any CPU
		{B705C294-48CC-499D-8044-D8E6C872DB87}.Debug|Any CPU.ActiveCfg = Debug|Any CPU
		{B705C294-48CC-499D-8044-D8E6C872DB87}.Debug|Any CPU.Build.0 = Debug|Any CPU
		{B705C294-48CC-499D-8044-D8E6C872DB87}.Debug|x64.ActiveCfg = Debug|Any CPU
		{B705C294-48CC-499D-8044-D8E6C872DB87}.Debug|x64.Build.0 = Debug|Any CPU
		{B705C294-48CC-499D-8044-D8E6C872DB87}.Debug|x86.ActiveCfg = Debug|Any CPU
		{B705C294-48CC-499D-8044-D8E6C872DB87}.Debug|x86.Build.0 = Debug|Any CPU
		{B705C294-48CC-499D-8044-D8E6C872DB87}.Release|Any CPU.ActiveCfg = Release|Any CPU
		{B705C294-48CC-499D-8044-D8E6C872DB87}.Release|Any CPU.Build.0 = Release|Any CPU
		{B705C294-48CC-499D-8044-D8E6C872DB87}.Release|x64.ActiveCfg = Release|Any CPU
		{B705C294-48CC-499D-8044-D8E6C872DB87}.Release|x64.Build.0 = Release|Any CPU
		{B705C294-48CC-499D-8044-D8E6C872DB87}.Release|x86.ActiveCfg = Release|Any CPU
		{B705C294-48CC-499D-8044-D8E6C872DB87}.Release|x86.Build.0 = Release|Any CPU
		{2E432717-B7CB-4CF2-8ECA-72573552E9A7}.Debug|Any CPU.ActiveCfg = Debug|Any CPU
		{2E432717-B7CB-4CF2-8ECA-72573552E9A7}.Debug|Any CPU.Build.0 = Debug|Any CPU
		{2E432717-B7CB-4CF2-8ECA-72573552E9A7}.Debug|x64.ActiveCfg = Debug|Any CPU
		{2E432717-B7CB-4CF2-8ECA-72573552E9A7}.Debug|x64.Build.0 = Debug|Any CPU
		{2E432717-B7CB-4CF2-8ECA-72573552E9A7}.Debug|x86.ActiveCfg = Debug|Any CPU
		{2E432717-B7CB-4CF2-8ECA-72573552E9A7}.Debug|x86.Build.0 = Debug|Any CPU
		{2E432717-B7CB-4CF2-8ECA-72573552E9A7}.Release|Any CPU.ActiveCfg = Release|Any CPU
		{2E432717-B7CB-4CF2-8ECA-72573552E9A7}.Release|Any CPU.Build.0 = Release|Any CPU
		{2E432717-B7CB-4CF2-8ECA-72573552E9A7}.Release|x64.ActiveCfg = Release|Any CPU
		{2E432717-B7CB-4CF2-8ECA-72573552E9A7}.Release|x64.Build.0 = Release|Any CPU
		{2E432717-B7CB-4CF2-8ECA-72573552E9A7}.Release|x86.ActiveCfg = Release|Any CPU
		{2E432717-B7CB-4CF2-8ECA-72573552E9A7}.Release|x86.Build.0 = Release|Any CPU
		{26E3C143-DCA1-4440-A63B-EA8D3A88BC8D}.Debug|Any CPU.ActiveCfg = Debug|Any CPU
		{26E3C143-DCA1-4440-A63B-EA8D3A88BC8D}.Debug|Any CPU.Build.0 = Debug|Any CPU
		{26E3C143-DCA1-4440-A63B-EA8D3A88BC8D}.Debug|x64.ActiveCfg = Debug|Any CPU
		{26E3C143-DCA1-4440-A63B-EA8D3A88BC8D}.Debug|x64.Build.0 = Debug|Any CPU
		{26E3C143-DCA1-4440-A63B-EA8D3A88BC8D}.Debug|x86.ActiveCfg = Debug|Any CPU
		{26E3C143-DCA1-4440-A63B-EA8D3A88BC8D}.Debug|x86.Build.0 = Debug|Any CPU
		{26E3C143-DCA1-4440-A63B-EA8D3A88BC8D}.Release|Any CPU.ActiveCfg = Release|Any CPU
		{26E3C143-DCA1-4440-A63B-EA8D3A88BC8D}.Release|Any CPU.Build.0 = Release|Any CPU
		{26E3C143-DCA1-4440-A63B-EA8D3A88BC8D}.Release|x64.ActiveCfg = Release|Any CPU
		{26E3C143-DCA1-4440-A63B-EA8D3A88BC8D}.Release|x64.Build.0 = Release|Any CPU
		{26E3C143-DCA1-4440-A63B-EA8D3A88BC8D}.Release|x86.ActiveCfg = Release|Any CPU
		{26E3C143-DCA1-4440-A63B-EA8D3A88BC8D}.Release|x86.Build.0 = Release|Any CPU
		{6D41358F-EF7D-BC4F-D63B-3FFCAC8F5FA8}.Debug|Any CPU.ActiveCfg = Debug|Any CPU
		{6D41358F-EF7D-BC4F-D63B-3FFCAC8F5FA8}.Debug|Any CPU.Build.0 = Debug|Any CPU
		{6D41358F-EF7D-BC4F-D63B-3FFCAC8F5FA8}.Debug|x64.ActiveCfg = Debug|Any CPU
		{6D41358F-EF7D-BC4F-D63B-3FFCAC8F5FA8}.Debug|x64.Build.0 = Debug|Any CPU
		{6D41358F-EF7D-BC4F-D63B-3FFCAC8F5FA8}.Debug|x86.ActiveCfg = Debug|Any CPU
		{6D41358F-EF7D-BC4F-D63B-3FFCAC8F5FA8}.Debug|x86.Build.0 = Debug|Any CPU
		{6D41358F-EF7D-BC4F-D63B-3FFCAC8F5FA8}.Release|Any CPU.ActiveCfg = Release|Any CPU
		{6D41358F-EF7D-BC4F-D63B-3FFCAC8F5FA8}.Release|Any CPU.Build.0 = Release|Any CPU
		{6D41358F-EF7D-BC4F-D63B-3FFCAC8F5FA8}.Release|x64.ActiveCfg = Release|Any CPU
		{6D41358F-EF7D-BC4F-D63B-3FFCAC8F5FA8}.Release|x64.Build.0 = Release|Any CPU
		{6D41358F-EF7D-BC4F-D63B-3FFCAC8F5FA8}.Release|x86.ActiveCfg = Release|Any CPU
		{6D41358F-EF7D-BC4F-D63B-3FFCAC8F5FA8}.Release|x86.Build.0 = Release|Any CPU
		{570A2334-E5F2-47DC-87E6-07C337C9EC15}.Debug|Any CPU.ActiveCfg = Debug|Any CPU
		{570A2334-E5F2-47DC-87E6-07C337C9EC15}.Debug|Any CPU.Build.0 = Debug|Any CPU
		{570A2334-E5F2-47DC-87E6-07C337C9EC15}.Debug|x64.ActiveCfg = Debug|Any CPU
		{570A2334-E5F2-47DC-87E6-07C337C9EC15}.Debug|x64.Build.0 = Debug|Any CPU
		{570A2334-E5F2-47DC-87E6-07C337C9EC15}.Debug|x86.ActiveCfg = Debug|Any CPU
		{570A2334-E5F2-47DC-87E6-07C337C9EC15}.Debug|x86.Build.0 = Debug|Any CPU
		{570A2334-E5F2-47DC-87E6-07C337C9EC15}.Release|Any CPU.ActiveCfg = Release|Any CPU
		{570A2334-E5F2-47DC-87E6-07C337C9EC15}.Release|Any CPU.Build.0 = Release|Any CPU
		{570A2334-E5F2-47DC-87E6-07C337C9EC15}.Release|x64.ActiveCfg = Release|Any CPU
		{570A2334-E5F2-47DC-87E6-07C337C9EC15}.Release|x64.Build.0 = Release|Any CPU
		{570A2334-E5F2-47DC-87E6-07C337C9EC15}.Release|x86.ActiveCfg = Release|Any CPU
		{570A2334-E5F2-47DC-87E6-07C337C9EC15}.Release|x86.Build.0 = Release|Any CPU
		{A0203B1D-3F23-4DE0-B972-26FC2755FAB7}.Debug|Any CPU.ActiveCfg = Debug|Any CPU
		{A0203B1D-3F23-4DE0-B972-26FC2755FAB7}.Debug|Any CPU.Build.0 = Debug|Any CPU
		{A0203B1D-3F23-4DE0-B972-26FC2755FAB7}.Debug|x64.ActiveCfg = Debug|Any CPU
		{A0203B1D-3F23-4DE0-B972-26FC2755FAB7}.Debug|x64.Build.0 = Debug|Any CPU
		{A0203B1D-3F23-4DE0-B972-26FC2755FAB7}.Debug|x86.ActiveCfg = Debug|Any CPU
		{A0203B1D-3F23-4DE0-B972-26FC2755FAB7}.Debug|x86.Build.0 = Debug|Any CPU
		{A0203B1D-3F23-4DE0-B972-26FC2755FAB7}.Release|Any CPU.ActiveCfg = Release|Any CPU
		{A0203B1D-3F23-4DE0-B972-26FC2755FAB7}.Release|Any CPU.Build.0 = Release|Any CPU
		{A0203B1D-3F23-4DE0-B972-26FC2755FAB7}.Release|x64.ActiveCfg = Release|Any CPU
		{A0203B1D-3F23-4DE0-B972-26FC2755FAB7}.Release|x64.Build.0 = Release|Any CPU
		{A0203B1D-3F23-4DE0-B972-26FC2755FAB7}.Release|x86.ActiveCfg = Release|Any CPU
		{A0203B1D-3F23-4DE0-B972-26FC2755FAB7}.Release|x86.Build.0 = Release|Any CPU
		{4A11A932-172E-4871-B0FE-540E7D47481B}.Debug|Any CPU.ActiveCfg = Debug|Any CPU
		{4A11A932-172E-4871-B0FE-540E7D47481B}.Debug|Any CPU.Build.0 = Debug|Any CPU
		{4A11A932-172E-4871-B0FE-540E7D47481B}.Debug|x64.ActiveCfg = Debug|Any CPU
		{4A11A932-172E-4871-B0FE-540E7D47481B}.Debug|x64.Build.0 = Debug|Any CPU
		{4A11A932-172E-4871-B0FE-540E7D47481B}.Debug|x86.ActiveCfg = Debug|Any CPU
		{4A11A932-172E-4871-B0FE-540E7D47481B}.Debug|x86.Build.0 = Debug|Any CPU
		{4A11A932-172E-4871-B0FE-540E7D47481B}.Release|Any CPU.ActiveCfg = Release|Any CPU
		{4A11A932-172E-4871-B0FE-540E7D47481B}.Release|Any CPU.Build.0 = Release|Any CPU
		{4A11A932-172E-4871-B0FE-540E7D47481B}.Release|x64.ActiveCfg = Release|Any CPU
		{4A11A932-172E-4871-B0FE-540E7D47481B}.Release|x64.Build.0 = Release|Any CPU
		{4A11A932-172E-4871-B0FE-540E7D47481B}.Release|x86.ActiveCfg = Release|Any CPU
		{4A11A932-172E-4871-B0FE-540E7D47481B}.Release|x86.Build.0 = Release|Any CPU
	EndGlobalSection
	GlobalSection(SolutionProperties) = preSolution
		HideSolutionNode = FALSE
	EndGlobalSection
	GlobalSection(NestedProjects) = preSolution
		{F8B90FFE-BB37-8A69-F901-2B9289615797} = {827E0CD3-B72D-47B6-A68D-7590B98EB39B}
		{A6795628-84C4-4A87-A2A7-39CE97F396D9} = {F8B90FFE-BB37-8A69-F901-2B9289615797}
		{26A806D7-9F1B-4AF7-8D2C-07CD5EDC8C88} = {F8B90FFE-BB37-8A69-F901-2B9289615797}
		{86713814-647D-4078-AAF7-5C47EE0BCFC6} = {F8B90FFE-BB37-8A69-F901-2B9289615797}
		{A3B60933-5B72-4E19-B118-6D13A548B8BF} = {F8B90FFE-BB37-8A69-F901-2B9289615797}
		{95050ED4-AA99-16CD-4222-A7210304610B} = {827E0CD3-B72D-47B6-A68D-7590B98EB39B}
		{4BD20FD2-42A3-40C8-933F-5B40EF24DF68} = {95050ED4-AA99-16CD-4222-A7210304610B}
		{3996658F-915D-40AC-8CD5-53EC9141ED99} = {95050ED4-AA99-16CD-4222-A7210304610B}
		{623C6CC8-9234-4BDC-A4D9-E88252C92F19} = {95050ED4-AA99-16CD-4222-A7210304610B}
		{353C1121-8B5F-4F0D-8A37-564A662E1C4B} = {95050ED4-AA99-16CD-4222-A7210304610B}
		{7476552C-33D1-9A6D-5B89-E24E6B0442CB} = {827E0CD3-B72D-47B6-A68D-7590B98EB39B}
		{2218F9CD-047D-49E8-A2D4-AAA8FBF65C34} = {7476552C-33D1-9A6D-5B89-E24E6B0442CB}
		{DFE5E454-B6DA-4686-BAA6-BE066D15A2DA} = {7476552C-33D1-9A6D-5B89-E24E6B0442CB}
		{D0A2CA2B-8DC0-46FB-B0E2-764AF89B01F1} = {7476552C-33D1-9A6D-5B89-E24E6B0442CB}
		{E2FF9E7D-B01F-4EA2-A311-76A65B9CC1B4} = {7476552C-33D1-9A6D-5B89-E24E6B0442CB}
		{FCA01246-F2C6-0AA7-D43F-FD13BE0B9D88} = {827E0CD3-B72D-47B6-A68D-7590B98EB39B}
		{07D9DF99-6B2C-4F12-ADB7-91B8CB8C7B67} = {FCA01246-F2C6-0AA7-D43F-FD13BE0B9D88}
		{730CDA6C-DCB6-400C-B45A-AA9053FF001D} = {FCA01246-F2C6-0AA7-D43F-FD13BE0B9D88}
		{E0AE222E-CEB9-4364-A6C9-36575A86A9BD} = {FCA01246-F2C6-0AA7-D43F-FD13BE0B9D88}
		{B325C376-A02D-44B5-AFD9-3F8DA1FF4CEF} = {FCA01246-F2C6-0AA7-D43F-FD13BE0B9D88}
		{5567FBC4-4CA3-863A-A740-7ED09B73A4D3} = {827E0CD3-B72D-47B6-A68D-7590B98EB39B}
		{E07ABF39-1BD0-4822-A470-84E3FE4F0D3E} = {5567FBC4-4CA3-863A-A740-7ED09B73A4D3}
		{7BCC059A-7E3A-4FEA-9537-1AAF3E2411A6} = {5567FBC4-4CA3-863A-A740-7ED09B73A4D3}
		{AB2D1DF1-A9DF-4C78-BB79-7661B94B2DB3} = {5567FBC4-4CA3-863A-A740-7ED09B73A4D3}
		{A7626B8E-5A6E-4E3B-9E65-B6DEB0C5C00E} = {5567FBC4-4CA3-863A-A740-7ED09B73A4D3}
		{3A46C090-E4F8-42C6-B1D4-E9EEB293B47F} = {F8B90FFE-BB37-8A69-F901-2B9289615797}
		{887BDDF8-9803-6819-6983-4EE20A7DD4D0} = {827E0CD3-B72D-47B6-A68D-7590B98EB39B}
		{F22D0EF9-8EAB-4BEC-8E3F-E572F9FF99FA} = {887BDDF8-9803-6819-6983-4EE20A7DD4D0}
		{CA163314-0272-4AA8-9B76-0987B9BB428E} = {887BDDF8-9803-6819-6983-4EE20A7DD4D0}
		{9E15163A-8A21-401D-BE5F-4F44A35A3843} = {887BDDF8-9803-6819-6983-4EE20A7DD4D0}
		{3FBE9BC0-6F5C-4B26-B46C-0264D59DB1C0} = {887BDDF8-9803-6819-6983-4EE20A7DD4D0}
		{78E37119-D193-7121-271E-5C7FF2E110D8} = {827E0CD3-B72D-47B6-A68D-7590B98EB39B}
		{9ED238A0-938C-9A3F-DDEA-9079E74DEC51} = {827E0CD3-B72D-47B6-A68D-7590B98EB39B}
		{46DE35F4-D7F7-4D5C-B02F-2DD9FE2E7092} = {9ED238A0-938C-9A3F-DDEA-9079E74DEC51}
		{B705C294-48CC-499D-8044-D8E6C872DB87} = {9ED238A0-938C-9A3F-DDEA-9079E74DEC51}
		{2E432717-B7CB-4CF2-8ECA-72573552E9A7} = {9ED238A0-938C-9A3F-DDEA-9079E74DEC51}
		{26E3C143-DCA1-4440-A63B-EA8D3A88BC8D} = {9ED238A0-938C-9A3F-DDEA-9079E74DEC51}
		{D826384E-30C5-7751-E2A3-3FA00F5D013A} = {827E0CD3-B72D-47B6-A68D-7590B98EB39B}
		{570A2334-E5F2-47DC-87E6-07C337C9EC15} = {78E37119-D193-7121-271E-5C7FF2E110D8}
		{A0203B1D-3F23-4DE0-B972-26FC2755FAB7} = {D826384E-30C5-7751-E2A3-3FA00F5D013A}
		{D2499F36-EA6E-E317-D53A-35E1F74BA765} = {827E0CD3-B72D-47B6-A68D-7590B98EB39B}
		{4A11A932-172E-4871-B0FE-540E7D47481B} = {D2499F36-EA6E-E317-D53A-35E1F74BA765}
	EndGlobalSection
	GlobalSection(ExtensibilityGlobals) = postSolution
		SolutionGuid = {D5C99719-121E-4B25-A51A-4CD1A7115980}
	EndGlobalSection
EndGlobal
