
Microsoft Visual Studio Solution File, Format Version 12.00
# Visual Studio Version 17
VisualStudioVersion = 17.14.36202.13 d17.14
MinimumVisualStudioVersion = 10.0.40219.1
Project("{FAE04EC0-301F-11D3-BF4B-00C04F79EFBC}") = "IdentityService.Application.Tests", "IdentityService.Application.Tests.csproj", "{F9133D1D-870C-D8DA-A408-9440E9F96C7E}"
EndProject
Global
	GlobalSection(SolutionConfigurationPlatforms) = preSolution
		Debug|Any CPU = Debug|Any CPU
		Release|Any CPU = Release|Any CPU
	EndGlobalSection
	GlobalSection(ProjectConfigurationPlatforms) = postSolution
		{F9133D1D-870C-D8DA-A408-9440E9F96C7E}.Debug|Any CPU.ActiveCfg = Debug|Any CPU
		{F9133D1D-870C-D8DA-A408-9440E9F96C7E}.Debug|Any CPU.Build.0 = Debug|Any CPU
		{F9133D1D-870C-D8DA-A408-9440E9F96C7E}.Release|Any CPU.ActiveCfg = Release|Any CPU
		{F9133D1D-870C-D8DA-A408-9440E9F96C7E}.Release|Any CPU.Build.0 = Release|Any CPU
	EndGlobalSection
	GlobalSection(SolutionProperties) = preSolution
		HideSolutionNode = FALSE
	EndGlobalSection
	GlobalSection(ExtensibilityGlobals) = postSolution
		SolutionGuid = {39A90ADA-BB26-48FE-A2F6-C340C2C0D552}
	EndGlobalSection
EndGlobal
